{
  "name": "csstips",
  "version": "0.2.3",
  "lockfileVersion": 1,
  "requires": true,
  "dependencies": {
    "csstype": {
      "version": "2.5.2",
      "resolved": "https://registry.npmjs.org/csstype/-/csstype-2.5.2.tgz",
      "integrity": "sha512-epoHrKPywwUhFTXadQNA5PPx4GChtkM03SkBeFZTaFtJcn6QfXpBkX2IAc4J9Oe18nha5NrTOo2OMOge+qH1mw==",
      "dev": true
    },
    "free-style": {
      "version": "2.5.1",
      "resolved": "https://registry.npmjs.org/free-style/-/free-style-2.5.1.tgz",
      "integrity": "sha512-X7dtUSTrlS1KRQBtiQ618NWIRDdRgD91IeajKCSh0fgTqArSixv+n3ea6F/OSvrvg14tPLR+yCq2s+O602+pRw==",
      "dev": true
    },
    "typescript": {
      "version": "2.8.3",
      "resolved": "https://registry.npmjs.org/typescript/-/typescript-2.8.3.tgz",
      "integrity": "sha512-K7g15Bb6Ra4lKf7Iq2l/I5/En+hLIHmxWZGq3D4DIRNFxMNV6j2SHSvDOqs2tGd4UvD/fJvrwopzQXjLrT7Itw==",
      "dev": true
    },
    "typestyle": {
      "version": "2.0.0",
      "resolved": "https://registry.npmjs.org/typestyle/-/typestyle-2.0.0.tgz",
      "integrity": "sha512-hAMRgoVT0YE+B9/wSrB4UR8185OvYVYCwDCo5UD+14luMkkQGRFGDCsUM5rBZGtc4iphAVuYFJv3ZWa2P6sXkw==",
      "dev": true,
      "requires": {
        "csstype": "2.5.2",
        "free-style": "2.5.1"
      }
    }
  }
}
